
Microsoft Visual Studio Solution File, Format Version 12.00
# Visual Studio Version 16
VisualStudioVersion = 16.0.34902.97
MinimumVisualStudioVersion = 10.0.40219.1
Project("{F184B08F-C81C-45F6-A57F-5ABD9991F28F}") = "warung_contoh", "warung_contoh.vbproj", "{EE606D82-7866-47CD-B96D-64FE342F86A5}"
EndProject
Global
	GlobalSection(SolutionConfigurationPlatforms) = preSolution
		Debug|Any CPU = Debug|Any CPU
		Release|Any CPU = Release|Any CPU
	EndGlobalSection
	GlobalSection(ProjectConfigurationPlatforms) = postSolution
		{EE606D82-7866-47CD-B96D-64FE342F86A5}.Debug|Any CPU.ActiveCfg = Debug|Any CPU
		{EE606D82-7866-47CD-B96D-64FE342F86A5}.Debug|Any CPU.Build.0 = Debug|Any CPU
		{EE606D82-7866-47CD-B96D-64FE342F86A5}.Release|Any CPU.ActiveCfg = Release|Any CPU
		{EE606D82-7866-47CD-B96D-64FE342F86A5}.Release|Any CPU.Build.0 = Release|Any CPU
	EndGlobalSection
	GlobalSection(SolutionProperties) = preSolution
		HideSolutionNode = FALSE
	EndGlobalSection
	GlobalSection(ExtensibilityGlobals) = postSolution
		SolutionGuid = {BD86E705-B210-458A-B3E4-333BA60E6F44}
	EndGlobalSection
EndGlobal
